// !$*UTF8*$!
{
	archiveVersion = 1;
	classes = {
	};
	objectVersion = 46;
	objects = {

/* Begin PBXBuildFile section */
		65B98B9A1B538304005C0F95 /* main.m in Sources */ = {isa = PBXBuildFile; fileRef = 65B98B991B538304005C0F95 /* main.m */; };
		65B98B9D1B538304005C0F95 /* AppDelegate.m in Sources */ = {isa = PBXBuildFile; fileRef = 65B98B9C1B538304005C0F95 /* AppDelegate.m */; };
		65B98BA01B538304005C0F95 /* ViewController.m in Sources */ = {isa = PBXBuildFile; fileRef = 65B98B9F1B538304005C0F95 /* ViewController.m */; };
		65B98BA31B538304005C0F95 /* Main.storyboard in Resources */ = {isa = PBXBuildFile; fileRef = 65B98BA11B538304005C0F95 /* Main.storyboard */; };
		65B98BA51B538304005C0F95 /* Images.xcassets in Resources */ = {isa = PBXBuildFile; fileRef = 65B98BA41B538304005C0F95 /* Images.xcassets */; };
		65B98BA81B538304005C0F95 /* LaunchScreen.xib in Resources */ = {isa = PBXBuildFile; fileRef = 65B98BA61B538304005C0F95 /* LaunchScreen.xib */; };
		65B98BB41B538304005C0F95 /* __1_sampleTests.m in Sources */ = {isa = PBXBuildFile; fileRef = 65B98BB31B538304005C0F95 /* __1_sampleTests.m */; };
		65B98BBF1B538425005C0F95 /* drive.jpg in Resources */ = {isa = PBXBuildFile; fileRef = 65B98BBE1B538425005C0F95 /* drive.jpg */; };
/* End PBXBuildFile section */

/* Begin PBXContainerItemProxy section */
		65B98BAE1B538304005C0F95 /* PBXContainerItemProxy */ = {
			isa = PBXContainerItemProxy;
			containerPortal = 65B98B8C1B538304005C0F95 /* Project object */;
			proxyType = 1;
			remoteGlobalIDString = 65B98B931B538304005C0F95;
			remoteInfo = 2_1_sample;
		};
/* End PBXContainerItemProxy section */

/* Begin PBXFileReference section */
		65B98B941B538304005C0F95 /* 2_1_sample.app */ = {isa = PBXFileReference; explicitFileType = wrapper.application; includeInIndex = 0; path = 2_1_sample.app; sourceTree = BUILT_PRODUCTS_DIR; };
		65B98B981B538304005C0F95 /* Info.plist */ = {isa = PBXFileReference; lastKnownFileType = text.plist.xml; path = Info.plist; sourceTree = "<group>"; };
		65B98B991B538304005C0F95 /* main.m */ = {isa = PBXFileReference; lastKnownFileType = sourcecode.c.objc; path = main.m; sourceTree = "<group>"; };
		65B98B9B1B538304005C0F95 /* AppDelegate.h */ = {isa = PBXFileReference; lastKnownFileType = sourcecode.c.h; path = AppDelegate.h; sourceTree = "<group>"; };
		65B98B9C1B538304005C0F95 /* AppDelegate.m */ = {isa = PBXFileReference; lastKnownFileType = sourcecode.c.objc; path = AppDelegate.m; sourceTree = "<group>"; };
		65B98B9E1B538304005C0F95 /* ViewController.h */ = {isa = PBXFileReference; lastKnownFileType = sourcecode.c.h; path = ViewController.h; sourceTree = "<group>"; };
		65B98B9F1B538304005C0F95 /* ViewController.m */ = {isa = PBXFileReference; lastKnownFileType = sourcecode.c.objc; path = ViewController.m; sourceTree = "<group>"; };
		65B98BA21B538304005C0F95 /* Base */ = {isa = PBXFileReference; lastKnownFileType = file.storyboard; name = Base; path = Base.lproj/Main.storyboard; sourceTree = "<group>"; };
		65B98BA41B538304005C0F95 /* Images.xcassets */ = {isa = PBXFileReference; lastKnownFileType = folder.assetcatalog; path = Images.xcassets; sourceTree = "<group>"; };
		65B98BA71B538304005C0F95 /* Base */ = {isa = PBXFileReference; lastKnownFileType = file.xib; name = Base; path = Base.lproj/LaunchScreen.xib; sourceTree = "<group>"; };
		65B98BAD1B538304005C0F95 /* 2_1_sampleTests.xctest */ = {isa = PBXFileReference; explicitFileType = wrapper.cfbundle; includeInIndex = 0; path = 2_1_sampleTests.xctest; sourceTree = BUILT_PRODUCTS_DIR; };
		65B98BB21B538304005C0F95 /* Info.plist */ = {isa = PBXFileReference; lastKnownFileType = text.plist.xml; path = Info.plist; sourceTree = "<group>"; };
		65B98BB31B538304005C0F95 /* __1_sampleTests.m */ = {isa = PBXFileReference; lastKnownFileType = sourcecode.c.objc; path = __1_sampleTests.m; sourceTree = "<group>"; };
		65B98BBE1B538425005C0F95 /* drive.jpg */ = {isa = PBXFileReference; lastKnownFileType = image.jpeg; name = drive.jpg; path = images/drive.jpg; sourceTree = "<group>"; };
/* End PBXFileReference section */

/* Begin PBXFrameworksBuildPhase section */
		65B98B911B538304005C0F95 /* Frameworks */ = {
			isa = PBXFrameworksBuildPhase;
			buildActionMask = 2147483647;
			files = (
			);
			runOnlyForDeploymentPostprocessing = 0;
		};
		65B98BAA1B538304005C0F95 /* Frameworks */ = {
			isa = PBXFrameworksBuildPhase;
			buildActionMask = 2147483647;
			files = (
			);
			runOnlyForDeploymentPostprocessing = 0;
		};
/* End PBXFrameworksBuildPhase section */

/* Begin PBXGroup section */
		65B98B8B1B538304005C0F95 = {
			isa = PBXGroup;
			children = (
				65B98B961B538304005C0F95 /* 2_1_sample */,
				65B98BB01B538304005C0F95 /* 2_1_sampleTests */,
				65B98B951B538304005C0F95 /* Products */,
			);
			sourceTree = "<group>";
		};
		65B98B951B538304005C0F95 /* Products */ = {
			isa = PBXGroup;
			children = (
				65B98B941B538304005C0F95 /* 2_1_sample.app */,
				65B98BAD1B538304005C0F95 /* 2_1_sampleTests.xctest */,
			);
			name = Products;
			sourceTree = "<group>";
		};
		65B98B961B538304005C0F95 /* 2_1_sample */ = {
			isa = PBXGroup;
			children = (
				65B98B9B1B538304005C0F95 /* AppDelegate.h */,
				65B98B9C1B538304005C0F95 /* AppDelegate.m */,
				65B98B9E1B538304005C0F95 /* ViewController.h */,
				65B98B9F1B538304005C0F95 /* ViewController.m */,
				65B98BA11B538304005C0F95 /* Main.storyboard */,
				65B98BA41B538304005C0F95 /* Images.xcassets */,
				65B98BA61B538304005C0F95 /* LaunchScreen.xib */,
				65B98B971B538304005C0F95 /* Supporting Files */,
			);
			path = 2_1_sample;
			sourceTree = "<group>";
		};
		65B98B971B538304005C0F95 /* Supporting Files */ = {
			isa = PBXGroup;
			children = (
				65B98BBD1B538417005C0F95 /* images */,
				65B98B981B538304005C0F95 /* Info.plist */,
				65B98B991B538304005C0F95 /* main.m */,
			);
			name = "Supporting Files";
			sourceTree = "<group>";
		};
		65B98BB01B538304005C0F95 /* 2_1_sampleTests */ = {
			isa = PBXGroup;
			children = (
				65B98BB31B538304005C0F95 /* __1_sampleTests.m */,
				65B98BB11B538304005C0F95 /* Supporting Files */,
			);
			path = 2_1_sampleTests;
			sourceTree = "<group>";
		};
		65B98BB11B538304005C0F95 /* Supporting Files */ = {
			isa = PBXGroup;
			children = (
				65B98BB21B538304005C0F95 /* Info.plist */,
			);
			name = "Supporting Files";
			sourceTree = "<group>";
		};
		65B98BBD1B538417005C0F95 /* images */ = {
			isa = PBXGroup;
			children = (
				65B98BBE1B538425005C0F95 /* drive.jpg */,
			);
			name = images;
			sourceTree = "<group>";
		};
/* End PBXGroup section */

/* Begin PBXNativeTarget section */
		65B98B931B538304005C0F95 /* 2_1_sample */ = {
			isa = PBXNativeTarget;
			buildConfigurationList = 65B98BB71B538304005C0F95 /* Build configuration list for PBXNativeTarget "2_1_sample" */;
			buildPhases = (
				65B98B901B538304005C0F95 /* Sources */,
				65B98B911B538304005C0F95 /* Frameworks */,
				65B98B921B538304005C0F95 /* Resources */,
			);
			buildRules = (
			);
			dependencies = (
			);
			name = 2_1_sample;
			productName = 2_1_sample;
			productReference = 65B98B941B538304005C0F95 /* 2_1_sample.app */;
			productType = "com.apple.product-type.application";
		};
		65B98BAC1B538304005C0F95 /* 2_1_sampleTests */ = {
			isa = PBXNativeTarget;
			buildConfigurationList = 65B98BBA1B538304005C0F95 /* Build configuration list for PBXNativeTarget "2_1_sampleTests" */;
			buildPhases = (
				65B98BA91B538304005C0F95 /* Sources */,
				65B98BAA1B538304005C0F95 /* Frameworks */,
				65B98BAB1B538304005C0F95 /* Resources */,
			);
			buildRules = (
			);
			dependencies = (
				65B98BAF1B538304005C0F95 /* PBXTargetDependency */,
			);
			name = 2_1_sampleTests;
			productName = 2_1_sampleTests;
			productReference = 65B98BAD1B538304005C0F95 /* 2_1_sampleTests.xctest */;
			productType = "com.apple.product-type.bundle.unit-test";
		};
/* End PBXNativeTarget section */

/* Begin PBXProject section */
		65B98B8C1B538304005C0F95 /* Project object */ = {
			isa = PBXProject;
			attributes = {
				LastUpgradeCheck = 0620;
				ORGANIZATIONNAME = "Shinya Hirai";
				TargetAttributes = {
					65B98B931B538304005C0F95 = {
						CreatedOnToolsVersion = 6.2;
					};
					65B98BAC1B538304005C0F95 = {
						CreatedOnToolsVersion = 6.2;
						TestTargetID = 65B98B931B538304005C0F95;
					};
				};
			};
			buildConfigurationList = 65B98B8F1B538304005C0F95 /* Build configuration list for PBXProject "2_1_sample" */;
			compatibilityVersion = "Xcode 3.2";
			developmentRegion = English;
			hasScannedForEncodings = 0;
			knownRegions = (
				en,
				Base,
			);
			mainGroup = 65B98B8B1B538304005C0F95;
			productRefGroup = 65B98B951B538304005C0F95 /* Products */;
			projectDirPath = "";
			projectRoot = "";
			targets = (
				65B98B931B538304005C0F95 /* 2_1_sample */,
				65B98BAC1B538304005C0F95 /* 2_1_sampleTests */,
			);
		};
/* End PBXProject section */

/* Begin PBXResourcesBuildPhase section */
		65B98B921B538304005C0F95 /* Resources */ = {
			isa = PBXResourcesBuildPhase;
			buildActionMask = 2147483647;
			files = (
				65B98BA31B538304005C0F95 /* Main.storyboard in Resources */,
				65B98BA81B538304005C0F95 /* LaunchScreen.xib in Resources */,
				65B98BBF1B538425005C0F95 /* drive.jpg in Resources */,
				65B98BA51B538304005C0F95 /* Images.xcassets in Resources */,
			);
			runOnlyForDeploymentPostprocessing = 0;
		};
		65B98BAB1B538304005C0F95 /* Resources */ = {
			isa = PBXResourcesBuildPhase;
			buildActionMask = 2147483647;
			files = (
			);
			runOnlyForDeploymentPostprocessing = 0;
		};
/* End PBXResourcesBuildPhase section */

/* Begin PBXSourcesBuildPhase section */
		65B98B901B538304005C0F95 /* Sources */ = {
			isa = PBXSourcesBuildPhase;
			buildActionMask = 2147483647;
			files = (
				65B98BA01B538304005C0F95 /* ViewController.m in Sources */,
				65B98B9D1B538304005C0F95 /* AppDelegate.m in Sources */,
				65B98B9A1B538304005C0F95 /* main.m in Sources */,
			);
			runOnlyForDeploymentPostprocessing = 0;
		};
		65B98BA91B538304005C0F95 /* Sources */ = {
			isa = PBXSourcesBuildPhase;
			buildActionMask = 2147483647;
			files = (
				65B98BB41B538304005C0F95 /* __1_sampleTests.m in Sources */,
			);
			runOnlyForDeploymentPostprocessing = 0;
		};
/* End PBXSourcesBuildPhase section */

/* Begin PBXTargetDependency section */
		65B98BAF1B538304005C0F95 /* PBXTargetDependency */ = {
			isa = PBXTargetDependency;
			target = 65B98B931B538304005C0F95 /* 2_1_sample */;
			targetProxy = 65B98BAE1B538304005C0F95 /* PBXContainerItemProxy */;
		};
/* End PBXTargetDependency section */

/* Begin PBXVariantGroup section */
		65B98BA11B538304005C0F95 /* Main.storyboard */ = {
			isa = PBXVariantGroup;
			children = (
				65B98BA21B538304005C0F95 /* Base */,
			);
			name = Main.storyboard;
			sourceTree = "<group>";
		};
		65B98BA61B538304005C0F95 /* LaunchScreen.xib */ = {
			isa = PBXVariantGroup;
			children = (
				65B98BA71B538304005C0F95 /* Base */,
			);
			name = LaunchScreen.xib;
			sourceTree = "<group>";
		};
/* End PBXVariantGroup section */

/* Begin XCBuildConfiguration section */
		65B98BB51B538304005C0F95 /* Debug */ = {
			isa = XCBuildConfiguration;
			buildSettings = {
				ALWAYS_SEARCH_USER_PATHS = NO;
				CLANG_CXX_LANGUAGE_STANDARD = "gnu++0x";
				CLANG_CXX_LIBRARY = "libc++";
				CLANG_ENABLE_MODULES = YES;
				CLANG_ENABLE_OBJC_ARC = YES;
				CLANG_WARN_BOOL_CONVERSION = YES;
				CLANG_WARN_CONSTANT_CONVERSION = YES;
				CLANG_WARN_DIRECT_OBJC_ISA_USAGE = YES_ERROR;
				CLANG_WARN_EMPTY_BODY = YES;
				CLANG_WARN_ENUM_CONVERSION = YES;
				CLANG_WARN_INT_CONVERSION = YES;
				CLANG_WARN_OBJC_ROOT_CLASS = YES_ERROR;
				CLANG_WARN_UNREACHABLE_CODE = YES;
				CLANG_WARN__DUPLICATE_METHOD_MATCH = YES;
				"CODE_SIGN_IDENTITY[sdk=iphoneos*]" = "iPhone Developer";
				COPY_PHASE_STRIP = NO;
				ENABLE_STRICT_OBJC_MSGSEND = YES;
				GCC_C_LANGUAGE_STANDARD = gnu99;
				GCC_DYNAMIC_NO_PIC = NO;
				GCC_OPTIMIZATION_LEVEL = 0;
				GCC_PREPROCESSOR_DEFINITIONS = (
					"DEBUG=1",
					"$(inherited)",
				);
				GCC_SYMBOLS_PRIVATE_EXTERN = NO;
				GCC_WARN_64_TO_32_BIT_CONVERSION = YES;
				GCC_WARN_ABOUT_RETURN_TYPE = YES_ERROR;
				GCC_WARN_UNDECLARED_SELECTOR = YES;
				GCC_WARN_UNINITIALIZED_AUTOS = YES_AGGRESSIVE;
				GCC_WARN_UNUSED_FUNCTION = YES;
				GCC_WARN_UNUSED_VARIABLE = YES;
				IPHONEOS_DEPLOYMENT_TARGET = 8.2;
				MTL_ENABLE_DEBUG_INFO = YES;
				ONLY_ACTIVE_ARCH = YES;
				SDKROOT = iphoneos;
			};
			name = Debug;
		};
		65B98BB61B538304005C0F95 /* Release */ = {
			isa = XCBuildConfiguration;
			buildSettings = {
				ALWAYS_SEARCH_USER_PATHS = NO;
				CLANG_CXX_LANGUAGE_STANDARD = "gnu++0x";
				CLANG_CXX_LIBRARY = "libc++";
				CLANG_ENABLE_MODULES = YES;
				CLANG_ENABLE_OBJC_ARC = YES;
				CLANG_WARN_BOOL_CONVERSION = YES;
				CLANG_WARN_CONSTANT_CONVERSION = YES;
				CLANG_WARN_DIRECT_OBJC_ISA_USAGE = YES_ERROR;
				CLANG_WARN_EMPTY_BODY = YES;
				CLANG_WARN_ENUM_CONVERSION = YES;
				CLANG_WARN_INT_CONVERSION = YES;
				CLANG_WARN_OBJC_ROOT_CLASS = YES_ERROR;
				CLANG_WARN_UNREACHABLE_CODE = YES;
				CLANG_WARN__DUPLICATE_METHOD_MATCH = YES;
				"CODE_SIGN_IDENTITY[sdk=iphoneos*]" = "iPhone Developer";
				COPY_PHASE_STRIP = NO;
				ENABLE_NS_ASSERTIONS = NO;
				ENABLE_STRICT_OBJC_MSGSEND = YES;
				GCC_C_LANGUAGE_STANDARD = gnu99;
				GCC_WARN_64_TO_32_BIT_CONVERSION = YES;
				GCC_WARN_ABOUT_RETURN_TYPE = YES_ERROR;
				GCC_WARN_UNDECLARED_SELECTOR = YES;
				GCC_WARN_UNINITIALIZED_AUTOS = YES_AGGRESSIVE;
				GCC_WARN_UNUSED_FUNCTION = YES;
				GCC_WARN_UNUSED_VARIABLE = YES;
				IPHONEOS_DEPLOYMENT_TARGET = 8.2;
				MTL_ENABLE_DEBUG_INFO = NO;
				SDKROOT = iphoneos;
				VALIDATE_PRODUCT = YES;
			};
			name = Release;
		};
		65B98BB81B538304005C0F95 /* Debug */ = {
			isa = XCBuildConfiguration;
			buildSettings = {
				ASSETCATALOG_COMPILER_APPICON_NAME = AppIcon;
				INFOPLIST_FILE = 2_1_sample/Info.plist;
				LD_RUNPATH_SEARCH_PATHS = "$(inherited) @executable_path/Frameworks";
				PRODUCT_NAME = "$(TARGET_NAME)";
			};
			name = Debug;
		};
		65B98BB91B538304005C0F95 /* Release */ = {
			isa = XCBuildConfiguration;
			buildSettings = {
				ASSETCATALOG_COMPILER_APPICON_NAME = AppIcon;
				INFOPLIST_FILE = 2_1_sample/Info.plist;
				LD_RUNPATH_SEARCH_PATHS = "$(inherited) @executable_path/Frameworks";
				PRODUCT_NAME = "$(TARGET_NAME)";
			};
			name = Release;
		};
		65B98BBB1B538304005C0F95 /* Debug */ = {
			isa = XCBuildConfiguration;
			buildSettings = {
				BUNDLE_LOADER = "$(TEST_HOST)";
				FRAMEWORK_SEARCH_PATHS = (
					"$(SDKROOT)/Developer/Library/Frameworks",
					"$(inherited)",
				);
				GCC_PREPROCESSOR_DEFINITIONS = (
					"DEBUG=1",
					"$(inherited)",
				);
				INFOPLIST_FILE = 2_1_sampleTests/Info.plist;
				LD_RUNPATH_SEARCH_PATHS = "$(inherited) @executable_path/Frameworks @loader_path/Frameworks";
				PRODUCT_NAME = "$(TARGET_NAME)";
				TEST_HOST = "$(BUILT_PRODUCTS_DIR)/2_1_sample.app/2_1_sample";
			};
			name = Debug;
		};
		65B98BBC1B538304005C0F95 /* Release */ = {
			isa = XCBuildConfiguration;
			buildSettings = {
				BUNDLE_LOADER = "$(TEST_HOST)";
				FRAMEWORK_SEARCH_PATHS = (
					"$(SDKROOT)/Developer/Library/Frameworks",
					"$(inherited)",
				);
				INFOPLIST_FILE = 2_1_sampleTests/Info.plist;
				LD_RUNPATH_SEARCH_PATHS = "$(inherited) @executable_path/Frameworks @loader_path/Frameworks";
				PRODUCT_NAME = "$(TARGET_NAME)";
				TEST_HOST = "$(BUILT_PRODUCTS_DIR)/2_1_sample.app/2_1_sample";
			};
			name = Release;
		};
/* End XCBuildConfiguration section */

/* Begin XCConfigurationList section */
		65B98B8F1B538304005C0F95 /* Build configuration list for PBXProject "2_1_sample" */ = {
			isa = XCConfigurationList;
			buildConfigurations = (
				65B98BB51B538304005C0F95 /* Debug */,
				65B98BB61B538304005C0F95 /* Release */,
			);
			defaultConfigurationIsVisible = 0;
			defaultConfigurationName = Release;
		};
		65B98BB71B538304005C0F95 /* Build configuration list for PBXNativeTarget "2_1_sample" */ = {
			isa = XCConfigurationList;
			buildConfigurations = (
				65B98BB81B538304005C0F95 /* Debug */,
				65B98BB91B538304005C0F95 /* Release */,
			);
			defaultConfigurationIsVisible = 0;
			defaultConfigurationName = Release;
		};
		65B98BBA1B538304005C0F95 /* Build configuration list for PBXNativeTarget "2_1_sampleTests" */ = {
			isa = XCConfigurationList;
			buildConfigurations = (
				65B98BBB1B538304005C0F95 /* Debug */,
				65B98BBC1B538304005C0F95 /* Release */,
			);
			defaultConfigurationIsVisible = 0;
			defaultConfigurationName = Release;
		};
/* End XCConfigurationList section */
	};
	rootObject = 65B98B8C1B538304005C0F95 /* Project object */;
}
